
Microsoft Visual Studio Solution File, Format Version 12.00
# Visual Studio Version 16
VisualStudioVersion = 16.0.34031.81
MinimumVisualStudioVersion = 10.0.40219.1
Project("{2150E333-8FDC-42A3-9474-1A3956D46DE8}") = "Task0", "Task0", "{897496B7-8F6B-4FD2-B4F4-1A2115D710E7}"
EndProject
Project("{FAE04EC0-301F-11D3-BF4B-00C04F79EFBC}") = "Tyuiu.ModenovaAP.Sprint2.Task0.V18", "Tyuiu.ModenovaAP.Sprint2.Task0.V18\Tyuiu.ModenovaAP.Sprint2.Task0.V18.csproj", "{6DA39F89-E135-40C8-9710-C37DFAEDBED4}"
EndProject
Project("{FAE04EC0-301F-11D3-BF4B-00C04F79EFBC}") = "Tyuiu.ModenovaAP.Sprint2.Task0.V18.Lib", "Tyuiu.ModenovaAP.Sprint2.Task0.V18.Lib\Tyuiu.ModenovaAP.Sprint2.Task0.V18.Lib.csproj", "{97EA77B2-8CA6-474B-9756-6F63A0DEEDFE}"
EndProject
Project("{FAE04EC0-301F-11D3-BF4B-00C04F79EFBC}") = "Tyuiu.ModenovaAP.Sprint2.Task0.V18.Test", "Tyuiu.ModenovaAP.Sprint2.Task0.V18.Test\Tyuiu.ModenovaAP.Sprint2.Task0.V18.Test.csproj", "{FAF32A68-7DE4-4D08-8A4F-6844EAB4FD4B}"
EndProject
Project("{2150E333-8FDC-42A3-9474-1A3956D46DE8}") = "Task1", "Task1", "{CFFCB829-C056-48C9-B87A-266CF9CFF9EB}"
EndProject
Project("{FAE04EC0-301F-11D3-BF4B-00C04F79EFBC}") = "Tyuiu.ModenovaAP.Sprint2.Task1.V23", "Tyuiu.ModenovaAP.Sprint2.Task1.V23\Tyuiu.ModenovaAP.Sprint2.Task1.V23.csproj", "{C1C40EF0-E799-4623-8C96-6CEE7AAF2C46}"
EndProject
Project("{FAE04EC0-301F-11D3-BF4B-00C04F79EFBC}") = "Tyuiu.ModenovaAP.Sprint2.Task1.V23.Lib", "Tyuiu.ModenovaAP.Sprint2.Task1.V23.Lib\Tyuiu.ModenovaAP.Sprint2.Task1.V23.Lib.csproj", "{2568C71C-F497-4505-9750-537E3230B30A}"
EndProject
Project("{FAE04EC0-301F-11D3-BF4B-00C04F79EFBC}") = "Tyuiu.ModenovaAP.Sprint2.Task1.V23.Test", "Tyuiu.ModenovaAP.Sprint2.Task1.V23.Test\Tyuiu.ModenovaAP.Sprint2.Task1.V23.Test.csproj", "{28A83043-4BDE-482F-B43B-4A988E54D2EA}"
EndProject
Project("{2150E333-8FDC-42A3-9474-1A3956D46DE8}") = "Task2", "Task2", "{37A768E4-C350-44D9-9483-82B29225F66B}"
EndProject
Project("{FAE04EC0-301F-11D3-BF4B-00C04F79EFBC}") = "Tyuiu.ModenovaAP.Sprint2.Task2.V4", "Tyuiu.ModenovaAP.Sprint2.Task2.V4\Tyuiu.ModenovaAP.Sprint2.Task2.V4.csproj", "{E5879409-5216-4A9E-8425-0A8D01B387F7}"
EndProject
Project("{FAE04EC0-301F-11D3-BF4B-00C04F79EFBC}") = "Tyuiu.ModenovaAP.Sprint2.Task2.V4.Lib", "Tyuiu.ModenovaAP.Sprint2.Task2.V4.Lib\Tyuiu.ModenovaAP.Sprint2.Task2.V4.Lib.csproj", "{CC93D800-389E-43B8-A040-B735851D2D96}"
EndProject
Project("{FAE04EC0-301F-11D3-BF4B-00C04F79EFBC}") = "Tyuiu.ModenovaAP.Sprint2.Task2.V4.Test", "Tyuiu.ModenovaAP.Sprint2.Task2.V4.Test\Tyuiu.ModenovaAP.Sprint2.Task2.V4.Test.csproj", "{361CDBA6-EAFE-4422-AF0B-92A577BF7AF5}"
EndProject
Project("{2150E333-8FDC-42A3-9474-1A3956D46DE8}") = "Task5", "Task5", "{59A7BB45-8D30-4F7C-A69E-4F38784FEE10}"
EndProject
Project("{FAE04EC0-301F-11D3-BF4B-00C04F79EFBC}") = "Tyuiu.ModenovaAP.Sprint2.Task5.V1", "Tyuiu.ModenovaAP.Sprint2.Task5.V1\Tyuiu.ModenovaAP.Sprint2.Task5.V1.csproj", "{E2505026-DB51-4E0B-980E-A281229585C0}"
EndProject
Project("{FAE04EC0-301F-11D3-BF4B-00C04F79EFBC}") = "Tyuiu.ModenovaAP.Sprint2.Task5.V1.Lib", "Tyuiu.ModenovaAP.Sprint2.Task5.V1.Lib\Tyuiu.ModenovaAP.Sprint2.Task5.V1.Lib.csproj", "{E582B78C-2C32-4C51-82AF-19681A2BB2A9}"
EndProject
Project("{FAE04EC0-301F-11D3-BF4B-00C04F79EFBC}") = "Tyuiu.ModenovaAP.Sprint2.Task5.V1.Test", "Tyuiu.ModenovaAP.Sprint2.Task5.V1.Test\Tyuiu.ModenovaAP.Sprint2.Task5.V1.Test.csproj", "{615D4E57-8DD5-48AD-A9C6-5682F6828B93}"
EndProject
Project("{2150E333-8FDC-42A3-9474-1A3956D46DE8}") = "Task6", "Task6", "{7E56FD6B-67D5-488D-9085-101689D1E53B}"
EndProject
Project("{FAE04EC0-301F-11D3-BF4B-00C04F79EFBC}") = "Tyuiu.ModenovaAP.Sprint2.Task6.V1", "Tyuiu.ModenovaAP.Sprint2.Task6.V1\Tyuiu.ModenovaAP.Sprint2.Task6.V1.csproj", "{6A7BDEB9-4D4C-4DE9-A95B-2070EBAADF10}"
EndProject
Project("{FAE04EC0-301F-11D3-BF4B-00C04F79EFBC}") = "Tyuiu.ModenovaAP.Sprint2.Task6.V1.Lib", "Tyuiu.ModenovaAP.Sprint2.Task6.V1.Lib\Tyuiu.ModenovaAP.Sprint2.Task6.V1.Lib.csproj", "{F4894660-D173-4322-91C9-59EF74E70914}"
EndProject
Project("{FAE04EC0-301F-11D3-BF4B-00C04F79EFBC}") = "Tyuiu.ModenovaAP.Sprint2.Task6.V1.Test", "Tyuiu.ModenovaAP.Sprint2.Task6.V1.Test\Tyuiu.ModenovaAP.Sprint2.Task6.V1.Test.csproj", "{25A03165-F3BE-4CFB-83B3-A82486935D04}"
EndProject
Project("{2150E333-8FDC-42A3-9474-1A3956D46DE8}") = "Task7", "Task7", "{54161059-D49B-4726-BD73-4C24F27D3BE0}"
EndProject
Project("{FAE04EC0-301F-11D3-BF4B-00C04F79EFBC}") = "Tyuiu.ModenovaAP.Sprint2.Task7.V7", "Tyuiu.ModenovaAP.Sprint2.Task7.V7\Tyuiu.ModenovaAP.Sprint2.Task7.V7.csproj", "{C9E6E9AD-4B59-412C-A09F-4853EC8A6586}"
EndProject
Project("{FAE04EC0-301F-11D3-BF4B-00C04F79EFBC}") = "Tyuiu.ModenovaAP.Sprint2.Task7.V7.Lib", "Tyuiu.ModenovaAP.Sprint2.Task7.V7.Lib\Tyuiu.ModenovaAP.Sprint2.Task7.V7.Lib.csproj", "{B8D02044-7CBF-4A1C-B72A-ED9F5ED732A6}"
EndProject
Project("{FAE04EC0-301F-11D3-BF4B-00C04F79EFBC}") = "Tyuiu.ModenovaAP.Sprint2.Task7.V7.Test", "Tyuiu.ModenovaAP.Sprint2.Task7.V7.Test\Tyuiu.ModenovaAP.Sprint2.Task7.V7.Test.csproj", "{D9DA4741-3C56-432F-9AE4-2AAB96402E56}"
EndProject
Global
	GlobalSection(SolutionConfigurationPlatforms) = preSolution
		Debug|Any CPU = Debug|Any CPU
		Release|Any CPU = Release|Any CPU
	EndGlobalSection
	GlobalSection(ProjectConfigurationPlatforms) = postSolution
		{6DA39F89-E135-40C8-9710-C37DFAEDBED4}.Debug|Any CPU.ActiveCfg = Debug|Any CPU
		{6DA39F89-E135-40C8-9710-C37DFAEDBED4}.Debug|Any CPU.Build.0 = Debug|Any CPU
		{6DA39F89-E135-40C8-9710-C37DFAEDBED4}.Release|Any CPU.ActiveCfg = Release|Any CPU
		{6DA39F89-E135-40C8-9710-C37DFAEDBED4}.Release|Any CPU.Build.0 = Release|Any CPU
		{97EA77B2-8CA6-474B-9756-6F63A0DEEDFE}.Debug|Any CPU.ActiveCfg = Debug|Any CPU
		{97EA77B2-8CA6-474B-9756-6F63A0DEEDFE}.Debug|Any CPU.Build.0 = Debug|Any CPU
		{97EA77B2-8CA6-474B-9756-6F63A0DEEDFE}.Release|Any CPU.ActiveCfg = Release|Any CPU
		{97EA77B2-8CA6-474B-9756-6F63A0DEEDFE}.Release|Any CPU.Build.0 = Release|Any CPU
		{FAF32A68-7DE4-4D08-8A4F-6844EAB4FD4B}.Debug|Any CPU.ActiveCfg = Debug|Any CPU
		{FAF32A68-7DE4-4D08-8A4F-6844EAB4FD4B}.Debug|Any CPU.Build.0 = Debug|Any CPU
		{FAF32A68-7DE4-4D08-8A4F-6844EAB4FD4B}.Release|Any CPU.ActiveCfg = Release|Any CPU
		{FAF32A68-7DE4-4D08-8A4F-6844EAB4FD4B}.Release|Any CPU.Build.0 = Release|Any CPU
		{C1C40EF0-E799-4623-8C96-6CEE7AAF2C46}.Debug|Any CPU.ActiveCfg = Debug|Any CPU
		{C1C40EF0-E799-4623-8C96-6CEE7AAF2C46}.Debug|Any CPU.Build.0 = Debug|Any CPU
		{C1C40EF0-E799-4623-8C96-6CEE7AAF2C46}.Release|Any CPU.ActiveCfg = Release|Any CPU
		{C1C40EF0-E799-4623-8C96-6CEE7AAF2C46}.Release|Any CPU.Build.0 = Release|Any CPU
		{2568C71C-F497-4505-9750-537E3230B30A}.Debug|Any CPU.ActiveCfg = Debug|Any CPU
		{2568C71C-F497-4505-9750-537E3230B30A}.Debug|Any CPU.Build.0 = Debug|Any CPU
		{2568C71C-F497-4505-9750-537E3230B30A}.Release|Any CPU.ActiveCfg = Release|Any CPU
		{2568C71C-F497-4505-9750-537E3230B30A}.Release|Any CPU.Build.0 = Release|Any CPU
		{28A83043-4BDE-482F-B43B-4A988E54D2EA}.Debug|Any CPU.ActiveCfg = Debug|Any CPU
		{28A83043-4BDE-482F-B43B-4A988E54D2EA}.Debug|Any CPU.Build.0 = Debug|Any CPU
		{28A83043-4BDE-482F-B43B-4A988E54D2EA}.Release|Any CPU.ActiveCfg = Release|Any CPU
		{28A83043-4BDE-482F-B43B-4A988E54D2EA}.Release|Any CPU.Build.0 = Release|Any CPU
		{E5879409-5216-4A9E-8425-0A8D01B387F7}.Debug|Any CPU.ActiveCfg = Debug|Any CPU
		{E5879409-5216-4A9E-8425-0A8D01B387F7}.Debug|Any CPU.Build.0 = Debug|Any CPU
		{E5879409-5216-4A9E-8425-0A8D01B387F7}.Release|Any CPU.ActiveCfg = Release|Any CPU
		{E5879409-5216-4A9E-8425-0A8D01B387F7}.Release|Any CPU.Build.0 = Release|Any CPU
		{CC93D800-389E-43B8-A040-B735851D2D96}.Debug|Any CPU.ActiveCfg = Debug|Any CPU
		{CC93D800-389E-43B8-A040-B735851D2D96}.Debug|Any CPU.Build.0 = Debug|Any CPU
		{CC93D800-389E-43B8-A040-B735851D2D96}.Release|Any CPU.ActiveCfg = Release|Any CPU
		{CC93D800-389E-43B8-A040-B735851D2D96}.Release|Any CPU.Build.0 = Release|Any CPU
		{361CDBA6-EAFE-4422-AF0B-92A577BF7AF5}.Debug|Any CPU.ActiveCfg = Debug|Any CPU
		{361CDBA6-EAFE-4422-AF0B-92A577BF7AF5}.Debug|Any CPU.Build.0 = Debug|Any CPU
		{361CDBA6-EAFE-4422-AF0B-92A577BF7AF5}.Release|Any CPU.ActiveCfg = Release|Any CPU
		{361CDBA6-EAFE-4422-AF0B-92A577BF7AF5}.Release|Any CPU.Build.0 = Release|Any CPU
		{E2505026-DB51-4E0B-980E-A281229585C0}.Debug|Any CPU.ActiveCfg = Debug|Any CPU
		{E2505026-DB51-4E0B-980E-A281229585C0}.Debug|Any CPU.Build.0 = Debug|Any CPU
		{E2505026-DB51-4E0B-980E-A281229585C0}.Release|Any CPU.ActiveCfg = Release|Any CPU
		{E2505026-DB51-4E0B-980E-A281229585C0}.Release|Any CPU.Build.0 = Release|Any CPU
		{E582B78C-2C32-4C51-82AF-19681A2BB2A9}.Debug|Any CPU.ActiveCfg = Debug|Any CPU
		{E582B78C-2C32-4C51-82AF-19681A2BB2A9}.Debug|Any CPU.Build.0 = Debug|Any CPU
		{E582B78C-2C32-4C51-82AF-19681A2BB2A9}.Release|Any CPU.ActiveCfg = Release|Any CPU
		{E582B78C-2C32-4C51-82AF-19681A2BB2A9}.Release|Any CPU.Build.0 = Release|Any CPU
		{615D4E57-8DD5-48AD-A9C6-5682F6828B93}.Debug|Any CPU.ActiveCfg = Debug|Any CPU
		{615D4E57-8DD5-48AD-A9C6-5682F6828B93}.Debug|Any CPU.Build.0 = Debug|Any CPU
		{615D4E57-8DD5-48AD-A9C6-5682F6828B93}.Release|Any CPU.ActiveCfg = Release|Any CPU
		{615D4E57-8DD5-48AD-A9C6-5682F6828B93}.Release|Any CPU.Build.0 = Release|Any CPU
		{6A7BDEB9-4D4C-4DE9-A95B-2070EBAADF10}.Debug|Any CPU.ActiveCfg = Debug|Any CPU
		{6A7BDEB9-4D4C-4DE9-A95B-2070EBAADF10}.Debug|Any CPU.Build.0 = Debug|Any CPU
		{6A7BDEB9-4D4C-4DE9-A95B-2070EBAADF10}.Release|Any CPU.ActiveCfg = Release|Any CPU
		{6A7BDEB9-4D4C-4DE9-A95B-2070EBAADF10}.Release|Any CPU.Build.0 = Release|Any CPU
		{F4894660-D173-4322-91C9-59EF74E70914}.Debug|Any CPU.ActiveCfg = Debug|Any CPU
		{F4894660-D173-4322-91C9-59EF74E70914}.Debug|Any CPU.Build.0 = Debug|Any CPU
		{F4894660-D173-4322-91C9-59EF74E70914}.Release|Any CPU.ActiveCfg = Release|Any CPU
		{F4894660-D173-4322-91C9-59EF74E70914}.Release|Any CPU.Build.0 = Release|Any CPU
		{25A03165-F3BE-4CFB-83B3-A82486935D04}.Debug|Any CPU.ActiveCfg = Debug|Any CPU
		{25A03165-F3BE-4CFB-83B3-A82486935D04}.Debug|Any CPU.Build.0 = Debug|Any CPU
		{25A03165-F3BE-4CFB-83B3-A82486935D04}.Release|Any CPU.ActiveCfg = Release|Any CPU
		{25A03165-F3BE-4CFB-83B3-A82486935D04}.Release|Any CPU.Build.0 = Release|Any CPU
		{C9E6E9AD-4B59-412C-A09F-4853EC8A6586}.Debug|Any CPU.ActiveCfg = Debug|Any CPU
		{C9E6E9AD-4B59-412C-A09F-4853EC8A6586}.Debug|Any CPU.Build.0 = Debug|Any CPU
		{C9E6E9AD-4B59-412C-A09F-4853EC8A6586}.Release|Any CPU.ActiveCfg = Release|Any CPU
		{C9E6E9AD-4B59-412C-A09F-4853EC8A6586}.Release|Any CPU.Build.0 = Release|Any CPU
		{B8D02044-7CBF-4A1C-B72A-ED9F5ED732A6}.Debug|Any CPU.ActiveCfg = Debug|Any CPU
		{B8D02044-7CBF-4A1C-B72A-ED9F5ED732A6}.Debug|Any CPU.Build.0 = Debug|Any CPU
		{B8D02044-7CBF-4A1C-B72A-ED9F5ED732A6}.Release|Any CPU.ActiveCfg = Release|Any CPU
		{B8D02044-7CBF-4A1C-B72A-ED9F5ED732A6}.Release|Any CPU.Build.0 = Release|Any CPU
		{D9DA4741-3C56-432F-9AE4-2AAB96402E56}.Debug|Any CPU.ActiveCfg = Debug|Any CPU
		{D9DA4741-3C56-432F-9AE4-2AAB96402E56}.Debug|Any CPU.Build.0 = Debug|Any CPU
		{D9DA4741-3C56-432F-9AE4-2AAB96402E56}.Release|Any CPU.ActiveCfg = Release|Any CPU
		{D9DA4741-3C56-432F-9AE4-2AAB96402E56}.Release|Any CPU.Build.0 = Release|Any CPU
	EndGlobalSection
	GlobalSection(SolutionProperties) = preSolution
		HideSolutionNode = FALSE
	EndGlobalSection
	GlobalSection(NestedProjects) = preSolution
		{6DA39F89-E135-40C8-9710-C37DFAEDBED4} = {897496B7-8F6B-4FD2-B4F4-1A2115D710E7}
		{97EA77B2-8CA6-474B-9756-6F63A0DEEDFE} = {897496B7-8F6B-4FD2-B4F4-1A2115D710E7}
		{FAF32A68-7DE4-4D08-8A4F-6844EAB4FD4B} = {897496B7-8F6B-4FD2-B4F4-1A2115D710E7}
		{C1C40EF0-E799-4623-8C96-6CEE7AAF2C46} = {CFFCB829-C056-48C9-B87A-266CF9CFF9EB}
		{2568C71C-F497-4505-9750-537E3230B30A} = {CFFCB829-C056-48C9-B87A-266CF9CFF9EB}
		{28A83043-4BDE-482F-B43B-4A988E54D2EA} = {CFFCB829-C056-48C9-B87A-266CF9CFF9EB}
		{E5879409-5216-4A9E-8425-0A8D01B387F7} = {37A768E4-C350-44D9-9483-82B29225F66B}
		{CC93D800-389E-43B8-A040-B735851D2D96} = {37A768E4-C350-44D9-9483-82B29225F66B}
		{361CDBA6-EAFE-4422-AF0B-92A577BF7AF5} = {37A768E4-C350-44D9-9483-82B29225F66B}
		{E2505026-DB51-4E0B-980E-A281229585C0} = {59A7BB45-8D30-4F7C-A69E-4F38784FEE10}
		{E582B78C-2C32-4C51-82AF-19681A2BB2A9} = {59A7BB45-8D30-4F7C-A69E-4F38784FEE10}
		{615D4E57-8DD5-48AD-A9C6-5682F6828B93} = {59A7BB45-8D30-4F7C-A69E-4F38784FEE10}
		{6A7BDEB9-4D4C-4DE9-A95B-2070EBAADF10} = {7E56FD6B-67D5-488D-9085-101689D1E53B}
		{F4894660-D173-4322-91C9-59EF74E70914} = {7E56FD6B-67D5-488D-9085-101689D1E53B}
		{25A03165-F3BE-4CFB-83B3-A82486935D04} = {7E56FD6B-67D5-488D-9085-101689D1E53B}
		{C9E6E9AD-4B59-412C-A09F-4853EC8A6586} = {54161059-D49B-4726-BD73-4C24F27D3BE0}
		{B8D02044-7CBF-4A1C-B72A-ED9F5ED732A6} = {54161059-D49B-4726-BD73-4C24F27D3BE0}
		{D9DA4741-3C56-432F-9AE4-2AAB96402E56} = {54161059-D49B-4726-BD73-4C24F27D3BE0}
	EndGlobalSection
	GlobalSection(ExtensibilityGlobals) = postSolution
		SolutionGuid = {95A98011-33E1-4C0A-9D57-8C80A3810179}
	EndGlobalSection
EndGlobal
